
Microsoft Visual Studio Solution File, Format Version 12.00
# Visual Studio 15
VisualStudioVersion = 15.0.27428.2037
MinimumVisualStudioVersion = 10.0.40219.1
Project("{FAE04EC0-301F-11D3-BF4B-00C04F79EFBC}") = "KnockOut", "KnockOut\KnockOut.csproj", "{ED4AB24D-350D-49EA-98F5-6C7DD5B1BA66}"
EndProject
Project("{FAE04EC0-301F-11D3-BF4B-00C04F79EFBC}") = "KnockOut.Tests", "KnockOut.Tests\KnockOut.Tests.csproj", "{D876AA56-EEE2-40FA-BC67-46305E46895C}"
EndProject
Global
	GlobalSection(SolutionConfigurationPlatforms) = preSolution
		Debug|Any CPU = Debug|Any CPU
		Release|Any CPU = Release|Any CPU
	EndGlobalSection
	GlobalSection(ProjectConfigurationPlatforms) = postSolution
		{ED4AB24D-350D-49EA-98F5-6C7DD5B1BA66}.Debug|Any CPU.ActiveCfg = Debug|Any CPU
		{ED4AB24D-350D-49EA-98F5-6C7DD5B1BA66}.Debug|Any CPU.Build.0 = Debug|Any CPU
		{ED4AB24D-350D-49EA-98F5-6C7DD5B1BA66}.Release|Any CPU.ActiveCfg = Release|Any CPU
		{ED4AB24D-350D-49EA-98F5-6C7DD5B1BA66}.Release|Any CPU.Build.0 = Release|Any CPU
		{D876AA56-EEE2-40FA-BC67-46305E46895C}.Debug|Any CPU.ActiveCfg = Debug|Any CPU
		{D876AA56-EEE2-40FA-BC67-46305E46895C}.Debug|Any CPU.Build.0 = Debug|Any CPU
		{D876AA56-EEE2-40FA-BC67-46305E46895C}.Release|Any CPU.ActiveCfg = Release|Any CPU
		{D876AA56-EEE2-40FA-BC67-46305E46895C}.Release|Any CPU.Build.0 = Release|Any CPU
	EndGlobalSection
	GlobalSection(SolutionProperties) = preSolution
		HideSolutionNode = FALSE
	EndGlobalSection
	GlobalSection(ExtensibilityGlobals) = postSolution
		SolutionGuid = {5F33F370-320E-4BDD-8EF5-5045B0B8AE38}
	EndGlobalSection
EndGlobal
